
Microsoft Visual Studio Solution File, Format Version 12.00
# Visual Studio Version 17
VisualStudioVersion = 17.9.34321.82
MinimumVisualStudioVersion = 10.0.40219.1
Project("{FAE04EC0-301F-11D3-BF4B-00C04F79EFBC}") = "taxi-app-api", "taxi-app-api.csproj", "{EE808210-3896-41E6-999D-B159DBFDA32B}"
EndProject
Project("{2150E333-8FDC-42A3-9474-1A3956D46DE8}") = "Tests", "Tests", "{EB2BB950-FAC4-4334-93E0-1F066BFD8FD5}"
EndProject
Global
	GlobalSection(SolutionConfigurationPlatforms) = preSolution
		Debug|Any CPU = Debug|Any CPU
		Release|Any CPU = Release|Any CPU
	EndGlobalSection
	GlobalSection(ProjectConfigurationPlatforms) = postSolution
		{EE808210-3896-41E6-999D-B159DBFDA32B}.Debug|Any CPU.ActiveCfg = Debug|Any CPU
		{EE808210-3896-41E6-999D-B159DBFDA32B}.Debug|Any CPU.Build.0 = Debug|Any CPU
		{EE808210-3896-41E6-999D-B159DBFDA32B}.Release|Any CPU.ActiveCfg = Release|Any CPU
		{EE808210-3896-41E6-999D-B159DBFDA32B}.Release|Any CPU.Build.0 = Release|Any CPU
	EndGlobalSection
	GlobalSection(SolutionProperties) = preSolution
		HideSolutionNode = FALSE
	EndGlobalSection
	GlobalSection(ExtensibilityGlobals) = postSolution
		SolutionGuid = {2CD7835D-6876-4E77-BB91-F317602D16D6}
	EndGlobalSection
EndGlobal
